
Microsoft Visual Studio Solution File, Format Version 12.00
# Visual Studio Version 17
VisualStudioVersion = 17.3.32929.385
MinimumVisualStudioVersion = 10.0.40219.1
Project("{9A19103F-16F7-4668-BE54-9A1E7A4F7556}") = "BUtil.Core", "BUtil.Core\BUtil.Core.csproj", "{884325C6-9686-4D09-BCDE-38FF79279620}"
EndProject
Project("{9A19103F-16F7-4668-BE54-9A1E7A4F7556}") = "butilc", "butilc\butilc.csproj", "{91E9A433-7160-4773-9B11-B8B30DF4893D}"
	ProjectSection(ProjectDependencies) = postProject
		{19FCE4E6-E0CD-41EB-9ACC-3619DFC97A46} = {19FCE4E6-E0CD-41EB-9ACC-3619DFC97A46}
	EndProjectSection
EndProject
Project("{9A19103F-16F7-4668-BE54-9A1E7A4F7556}") = "butil-ui", "butil-ui\butil-ui.csproj", "{BFC65E42-06CC-4FC9-B05E-7A3049F6453A}"
	ProjectSection(ProjectDependencies) = postProject
		{19FCE4E6-E0CD-41EB-9ACC-3619DFC97A46} = {19FCE4E6-E0CD-41EB-9ACC-3619DFC97A46}
	EndProjectSection
EndProject
Project("{9A19103F-16F7-4668-BE54-9A1E7A4F7556}") = "butil-ui.Desktop", "butil-ui.Desktop\butil-ui.Desktop.csproj", "{9A68D5CC-9502-431B-AFCE-4F3349A7A1FE}"
	ProjectSection(ProjectDependencies) = postProject
		{19FCE4E6-E0CD-41EB-9ACC-3619DFC97A46} = {19FCE4E6-E0CD-41EB-9ACC-3619DFC97A46}
		{C37AE99C-24D6-4B7F-8939-B8F6BA87BCFB} = {C37AE99C-24D6-4B7F-8939-B8F6BA87BCFB}
	EndProjectSection
EndProject
Project("{9A19103F-16F7-4668-BE54-9A1E7A4F7556}") = "BUtil.Windows", "BUtil.Windows\BUtil.Windows.csproj", "{19FCE4E6-E0CD-41EB-9ACC-3619DFC97A46}"
EndProject
Project("{9A19103F-16F7-4668-BE54-9A1E7A4F7556}") = "BUtil.Linux", "BUtil.Linux\BUtil.Linux.csproj", "{C37AE99C-24D6-4B7F-8939-B8F6BA87BCFB}"
EndProject
Project("{2150E333-8FDC-42A3-9474-1A3956D46DE8}") = "Solution Items", "Solution Items", "{6D049071-90DE-4771-B8B5-80D895EBF1DB}"
	ProjectSection(SolutionItems) = preProject
		..\help\Version History (Changelog).md = ..\help\Version History (Changelog).md
	EndProjectSection
EndProject
Project("{9A19103F-16F7-4668-BE54-9A1E7A4F7556}") = "BUtil.Tests", "BUtil.Tests\BUtil.Tests.csproj", "{3AF7C053-11AC-415C-932E-CD788E4EE7E2}"
EndProject
Global
	GlobalSection(SolutionConfigurationPlatforms) = preSolution
		Debug|Any CPU = Debug|Any CPU
		Debug|Mixed Platforms = Debug|Mixed Platforms
		Debug|x86 = Debug|x86
		Release|Any CPU = Release|Any CPU
		Release|Mixed Platforms = Release|Mixed Platforms
		Release|x86 = Release|x86
	EndGlobalSection
	GlobalSection(ProjectConfigurationPlatforms) = postSolution
		{884325C6-9686-4D09-BCDE-38FF79279620}.Debug|Any CPU.ActiveCfg = Debug|Any CPU
		{884325C6-9686-4D09-BCDE-38FF79279620}.Debug|Any CPU.Build.0 = Debug|Any CPU
		{884325C6-9686-4D09-BCDE-38FF79279620}.Debug|Mixed Platforms.ActiveCfg = Debug|Any CPU
		{884325C6-9686-4D09-BCDE-38FF79279620}.Debug|Mixed Platforms.Build.0 = Debug|Any CPU
		{884325C6-9686-4D09-BCDE-38FF79279620}.Debug|x86.ActiveCfg = Debug|Any CPU
		{884325C6-9686-4D09-BCDE-38FF79279620}.Release|Any CPU.ActiveCfg = Release|Any CPU
		{884325C6-9686-4D09-BCDE-38FF79279620}.Release|Any CPU.Build.0 = Release|Any CPU
		{884325C6-9686-4D09-BCDE-38FF79279620}.Release|Mixed Platforms.ActiveCfg = Release|Any CPU
		{884325C6-9686-4D09-BCDE-38FF79279620}.Release|Mixed Platforms.Build.0 = Release|Any CPU
		{884325C6-9686-4D09-BCDE-38FF79279620}.Release|x86.ActiveCfg = Release|Any CPU
		{91E9A433-7160-4773-9B11-B8B30DF4893D}.Debug|Any CPU.ActiveCfg = Debug|Any CPU
		{91E9A433-7160-4773-9B11-B8B30DF4893D}.Debug|Any CPU.Build.0 = Debug|Any CPU
		{91E9A433-7160-4773-9B11-B8B30DF4893D}.Debug|Mixed Platforms.ActiveCfg = Debug|Any CPU
		{91E9A433-7160-4773-9B11-B8B30DF4893D}.Debug|Mixed Platforms.Build.0 = Debug|Any CPU
		{91E9A433-7160-4773-9B11-B8B30DF4893D}.Debug|x86.ActiveCfg = Debug|Any CPU
		{91E9A433-7160-4773-9B11-B8B30DF4893D}.Release|Any CPU.ActiveCfg = Release|Any CPU
		{91E9A433-7160-4773-9B11-B8B30DF4893D}.Release|Any CPU.Build.0 = Release|Any CPU
		{91E9A433-7160-4773-9B11-B8B30DF4893D}.Release|Mixed Platforms.ActiveCfg = Release|Any CPU
		{91E9A433-7160-4773-9B11-B8B30DF4893D}.Release|Mixed Platforms.Build.0 = Release|Any CPU
		{91E9A433-7160-4773-9B11-B8B30DF4893D}.Release|x86.ActiveCfg = Release|Any CPU
		{BFC65E42-06CC-4FC9-B05E-7A3049F6453A}.Debug|Any CPU.ActiveCfg = Debug|Any CPU
		{BFC65E42-06CC-4FC9-B05E-7A3049F6453A}.Debug|Any CPU.Build.0 = Debug|Any CPU
		{BFC65E42-06CC-4FC9-B05E-7A3049F6453A}.Debug|Mixed Platforms.ActiveCfg = Debug|Any CPU
		{BFC65E42-06CC-4FC9-B05E-7A3049F6453A}.Debug|Mixed Platforms.Build.0 = Debug|Any CPU
		{BFC65E42-06CC-4FC9-B05E-7A3049F6453A}.Debug|x86.ActiveCfg = Debug|Any CPU
		{BFC65E42-06CC-4FC9-B05E-7A3049F6453A}.Debug|x86.Build.0 = Debug|Any CPU
		{BFC65E42-06CC-4FC9-B05E-7A3049F6453A}.Release|Any CPU.ActiveCfg = Release|Any CPU
		{BFC65E42-06CC-4FC9-B05E-7A3049F6453A}.Release|Any CPU.Build.0 = Release|Any CPU
		{BFC65E42-06CC-4FC9-B05E-7A3049F6453A}.Release|Mixed Platforms.ActiveCfg = Release|Any CPU
		{BFC65E42-06CC-4FC9-B05E-7A3049F6453A}.Release|Mixed Platforms.Build.0 = Release|Any CPU
		{BFC65E42-06CC-4FC9-B05E-7A3049F6453A}.Release|x86.ActiveCfg = Release|Any CPU
		{BFC65E42-06CC-4FC9-B05E-7A3049F6453A}.Release|x86.Build.0 = Release|Any CPU
		{9A68D5CC-9502-431B-AFCE-4F3349A7A1FE}.Debug|Any CPU.ActiveCfg = Debug|Any CPU
		{9A68D5CC-9502-431B-AFCE-4F3349A7A1FE}.Debug|Any CPU.Build.0 = Debug|Any CPU
		{9A68D5CC-9502-431B-AFCE-4F3349A7A1FE}.Debug|Mixed Platforms.ActiveCfg = Debug|Any CPU
		{9A68D5CC-9502-431B-AFCE-4F3349A7A1FE}.Debug|Mixed Platforms.Build.0 = Debug|Any CPU
		{9A68D5CC-9502-431B-AFCE-4F3349A7A1FE}.Debug|x86.ActiveCfg = Debug|Any CPU
		{9A68D5CC-9502-431B-AFCE-4F3349A7A1FE}.Debug|x86.Build.0 = Debug|Any CPU
		{9A68D5CC-9502-431B-AFCE-4F3349A7A1FE}.Release|Any CPU.ActiveCfg = Release|Any CPU
		{9A68D5CC-9502-431B-AFCE-4F3349A7A1FE}.Release|Any CPU.Build.0 = Release|Any CPU
		{9A68D5CC-9502-431B-AFCE-4F3349A7A1FE}.Release|Mixed Platforms.ActiveCfg = Release|Any CPU
		{9A68D5CC-9502-431B-AFCE-4F3349A7A1FE}.Release|Mixed Platforms.Build.0 = Release|Any CPU
		{9A68D5CC-9502-431B-AFCE-4F3349A7A1FE}.Release|x86.ActiveCfg = Release|Any CPU
		{9A68D5CC-9502-431B-AFCE-4F3349A7A1FE}.Release|x86.Build.0 = Release|Any CPU
		{19FCE4E6-E0CD-41EB-9ACC-3619DFC97A46}.Debug|Any CPU.ActiveCfg = Debug|Any CPU
		{19FCE4E6-E0CD-41EB-9ACC-3619DFC97A46}.Debug|Any CPU.Build.0 = Debug|Any CPU
		{19FCE4E6-E0CD-41EB-9ACC-3619DFC97A46}.Debug|Mixed Platforms.ActiveCfg = Debug|Any CPU
		{19FCE4E6-E0CD-41EB-9ACC-3619DFC97A46}.Debug|Mixed Platforms.Build.0 = Debug|Any CPU
		{19FCE4E6-E0CD-41EB-9ACC-3619DFC97A46}.Debug|x86.ActiveCfg = Debug|Any CPU
		{19FCE4E6-E0CD-41EB-9ACC-3619DFC97A46}.Debug|x86.Build.0 = Debug|Any CPU
		{19FCE4E6-E0CD-41EB-9ACC-3619DFC97A46}.Release|Any CPU.ActiveCfg = Release|Any CPU
		{19FCE4E6-E0CD-41EB-9ACC-3619DFC97A46}.Release|Any CPU.Build.0 = Release|Any CPU
		{19FCE4E6-E0CD-41EB-9ACC-3619DFC97A46}.Release|Mixed Platforms.ActiveCfg = Release|Any CPU
		{19FCE4E6-E0CD-41EB-9ACC-3619DFC97A46}.Release|Mixed Platforms.Build.0 = Release|Any CPU
		{19FCE4E6-E0CD-41EB-9ACC-3619DFC97A46}.Release|x86.ActiveCfg = Release|Any CPU
		{19FCE4E6-E0CD-41EB-9ACC-3619DFC97A46}.Release|x86.Build.0 = Release|Any CPU
		{C37AE99C-24D6-4B7F-8939-B8F6BA87BCFB}.Debug|Any CPU.ActiveCfg = Debug|Any CPU
		{C37AE99C-24D6-4B7F-8939-B8F6BA87BCFB}.Debug|Any CPU.Build.0 = Debug|Any CPU
		{C37AE99C-24D6-4B7F-8939-B8F6BA87BCFB}.Debug|Mixed Platforms.ActiveCfg = Debug|Any CPU
		{C37AE99C-24D6-4B7F-8939-B8F6BA87BCFB}.Debug|Mixed Platforms.Build.0 = Debug|Any CPU
		{C37AE99C-24D6-4B7F-8939-B8F6BA87BCFB}.Debug|x86.ActiveCfg = Debug|Any CPU
		{C37AE99C-24D6-4B7F-8939-B8F6BA87BCFB}.Debug|x86.Build.0 = Debug|Any CPU
		{C37AE99C-24D6-4B7F-8939-B8F6BA87BCFB}.Release|Any CPU.ActiveCfg = Release|Any CPU
		{C37AE99C-24D6-4B7F-8939-B8F6BA87BCFB}.Release|Any CPU.Build.0 = Release|Any CPU
		{C37AE99C-24D6-4B7F-8939-B8F6BA87BCFB}.Release|Mixed Platforms.ActiveCfg = Release|Any CPU
		{C37AE99C-24D6-4B7F-8939-B8F6BA87BCFB}.Release|Mixed Platforms.Build.0 = Release|Any CPU
		{C37AE99C-24D6-4B7F-8939-B8F6BA87BCFB}.Release|x86.ActiveCfg = Release|Any CPU
		{C37AE99C-24D6-4B7F-8939-B8F6BA87BCFB}.Release|x86.Build.0 = Release|Any CPU
		{3AF7C053-11AC-415C-932E-CD788E4EE7E2}.Debug|Any CPU.ActiveCfg = Debug|Any CPU
		{3AF7C053-11AC-415C-932E-CD788E4EE7E2}.Debug|Any CPU.Build.0 = Debug|Any CPU
		{3AF7C053-11AC-415C-932E-CD788E4EE7E2}.Debug|Mixed Platforms.ActiveCfg = Debug|Any CPU
		{3AF7C053-11AC-415C-932E-CD788E4EE7E2}.Debug|Mixed Platforms.Build.0 = Debug|Any CPU
		{3AF7C053-11AC-415C-932E-CD788E4EE7E2}.Debug|x86.ActiveCfg = Debug|Any CPU
		{3AF7C053-11AC-415C-932E-CD788E4EE7E2}.Debug|x86.Build.0 = Debug|Any CPU
		{3AF7C053-11AC-415C-932E-CD788E4EE7E2}.Release|Any CPU.ActiveCfg = Release|Any CPU
		{3AF7C053-11AC-415C-932E-CD788E4EE7E2}.Release|Any CPU.Build.0 = Release|Any CPU
		{3AF7C053-11AC-415C-932E-CD788E4EE7E2}.Release|Mixed Platforms.ActiveCfg = Release|Any CPU
		{3AF7C053-11AC-415C-932E-CD788E4EE7E2}.Release|Mixed Platforms.Build.0 = Release|Any CPU
		{3AF7C053-11AC-415C-932E-CD788E4EE7E2}.Release|x86.ActiveCfg = Release|Any CPU
		{3AF7C053-11AC-415C-932E-CD788E4EE7E2}.Release|x86.Build.0 = Release|Any CPU
	EndGlobalSection
	GlobalSection(SolutionProperties) = preSolution
		HideSolutionNode = FALSE
	EndGlobalSection
	GlobalSection(ExtensibilityGlobals) = postSolution
		SolutionGuid = {A59777E8-22D7-4180-A61E-1EA0D374BAD6}
	EndGlobalSection
EndGlobal
