
Microsoft Visual Studio Solution File, Format Version 12.00
# Visual Studio Version 17
VisualStudioVersion = 17.9.34728.123
MinimumVisualStudioVersion = 10.0.40219.1
Project("{FAE04EC0-301F-11D3-BF4B-00C04F79EFBC}") = "POC_SYNC", "POC_SYNC\POC_SYNC.csproj", "{23897A6C-B2AE-4CED-95EE-FD95EA343ED6}"
EndProject
Global
	GlobalSection(SolutionConfigurationPlatforms) = preSolution
		Debug|Any CPU = Debug|Any CPU
		Release|Any CPU = Release|Any CPU
	EndGlobalSection
	GlobalSection(ProjectConfigurationPlatforms) = postSolution
		{23897A6C-B2AE-4CED-95EE-FD95EA343ED6}.Debug|Any CPU.ActiveCfg = Debug|Any CPU
		{23897A6C-B2AE-4CED-95EE-FD95EA343ED6}.Debug|Any CPU.Build.0 = Debug|Any CPU
		{23897A6C-B2AE-4CED-95EE-FD95EA343ED6}.Release|Any CPU.ActiveCfg = Release|Any CPU
		{23897A6C-B2AE-4CED-95EE-FD95EA343ED6}.Release|Any CPU.Build.0 = Release|Any CPU
	EndGlobalSection
	GlobalSection(SolutionProperties) = preSolution
		HideSolutionNode = FALSE
	EndGlobalSection
	GlobalSection(ExtensibilityGlobals) = postSolution
		SolutionGuid = {7FF6296E-A492-4817-9E8E-F4F51AB3550D}
	EndGlobalSection
EndGlobal
